
Microsoft Visual Studio Solution File, Format Version 12.00
# Visual Studio Version 16
VisualStudioVersion = 16.0.31321.278
MinimumVisualStudioVersion = 10.0.40219.1
Project("{9A19103F-16F7-4668-BE54-9A1E7A4F7556}") = "WeLoveFood", "WeLoveFood\WeLoveFood.csproj", "{7A7E4C8E-C4EC-4A03-A903-8CA7DDE506D2}"
EndProject
Project("{FAE04EC0-301F-11D3-BF4B-00C04F79EFBC}") = "WeLoveFood.Data", "WeLoveFood.Data\WeLoveFood.Data.csproj", "{C22962C5-6449-4867-8BF6-4AB5F020971E}"
EndProject
Global
	GlobalSection(SolutionConfigurationPlatforms) = preSolution
		Debug|Any CPU = Debug|Any CPU
		Release|Any CPU = Release|Any CPU
	EndGlobalSection
	GlobalSection(ProjectConfigurationPlatforms) = postSolution
		{7A7E4C8E-C4EC-4A03-A903-8CA7DDE506D2}.Debug|Any CPU.ActiveCfg = Debug|Any CPU
		{7A7E4C8E-C4EC-4A03-A903-8CA7DDE506D2}.Debug|Any CPU.Build.0 = Debug|Any CPU
		{7A7E4C8E-C4EC-4A03-A903-8CA7DDE506D2}.Release|Any CPU.ActiveCfg = Release|Any CPU
		{7A7E4C8E-C4EC-4A03-A903-8CA7DDE506D2}.Release|Any CPU.Build.0 = Release|Any CPU
		{C22962C5-6449-4867-8BF6-4AB5F020971E}.Debug|Any CPU.ActiveCfg = Debug|Any CPU
		{C22962C5-6449-4867-8BF6-4AB5F020971E}.Debug|Any CPU.Build.0 = Debug|Any CPU
		{C22962C5-6449-4867-8BF6-4AB5F020971E}.Release|Any CPU.ActiveCfg = Release|Any CPU
		{C22962C5-6449-4867-8BF6-4AB5F020971E}.Release|Any CPU.Build.0 = Release|Any CPU
	EndGlobalSection
	GlobalSection(SolutionProperties) = preSolution
		HideSolutionNode = FALSE
	EndGlobalSection
	GlobalSection(ExtensibilityGlobals) = postSolution
		SolutionGuid = {A3224DF4-E322-42CE-9068-7F6D5088996D}
	EndGlobalSection
EndGlobal
